
Microsoft Visual Studio Solution File, Format Version 12.00
# Visual Studio Version 17
VisualStudioVersion = 17.11.35222.181
MinimumVisualStudioVersion = 10.0.40219.1
Project("{FAE04EC0-301F-11D3-BF4B-00C04F79EFBC}") = "Smart_Start", "Smart_Start\Smart_Start.csproj", "{054AE8CD-ED8B-4147-B127-D341E92E9CEF}"
EndProject
Global
	GlobalSection(SolutionConfigurationPlatforms) = preSolution
		Debug|Any CPU = Debug|Any CPU
		Release|Any CPU = Release|Any CPU
	EndGlobalSection
	GlobalSection(ProjectConfigurationPlatforms) = postSolution
		{054AE8CD-ED8B-4147-B127-D341E92E9CEF}.Debug|Any CPU.ActiveCfg = Debug|Any CPU
		{054AE8CD-ED8B-4147-B127-D341E92E9CEF}.Debug|Any CPU.Build.0 = Debug|Any CPU
		{054AE8CD-ED8B-4147-B127-D341E92E9CEF}.Release|Any CPU.ActiveCfg = Release|Any CPU
		{054AE8CD-ED8B-4147-B127-D341E92E9CEF}.Release|Any CPU.Build.0 = Release|Any CPU
	EndGlobalSection
	GlobalSection(SolutionProperties) = preSolution
		HideSolutionNode = FALSE
	EndGlobalSection
	GlobalSection(ExtensibilityGlobals) = postSolution
		SolutionGuid = {7481C930-BA24-4391-8DA2-EC6651C48048}
	EndGlobalSection
EndGlobal
